github.com/caarlos0/env/v6 v6.10.0 h1:lA7sxiGArZ2KkiqpOQNf8ERBRWI+v8MWIH+eGjSN22I=
github.com/caarlos0/env/v6 v6.10.0/go.mod h1:hvp/ryKXKipEkcuYjs9mI4bBCg+UI0Yhgm5Zu0ddvwc=
gopkg.in/validator.v2 v2.0.1 h1:xF0KWyGWXm/LM2G1TrEjqOu4pa6coO9AlWSf3msVfDY=
gopkg.in/validator.v2 v2.0.1/go.mod h1:lIUZBlB3Im4s/eYp39Ry/wkR02yOPhZ9IwIRBjuPuG8=
